{
  "requires": true,
  "lockfileVersion": 1,
  "dependencies": {
    "@fortawesome/fontawesome-free": {
      "version": "5.15.1",
      "resolved": "https://registry.npmjs.org/@fortawesome/fontawesome-free/-/fontawesome-free-5.15.1.tgz",
      "integrity": "sha512-OEdH7SyC1suTdhBGW91/zBfR6qaIhThbcN8PUXtXilY4GYnSBbVqOntdHbC1vXwsDnX0Qix2m2+DSU1J51ybOQ=="
    },
    "bootstrap-icons": {
      "version": "1.0.0-alpha5",
      "resolved": "https://registry.npmjs.org/bootstrap-icons/-/bootstrap-icons-1.0.0-alpha5.tgz",
      "integrity": "sha512-sQp4UESHOpN7UlkEUJmY4G8gmU4beTCv24azmOtN1vMSWTOuUZttB0269RD93JIjd4KmWb93MJaXjC6cAV5jiQ=="
    }
  }
}
